
Microsoft Visual Studio Solution File, Format Version 12.00
# Visual Studio Version 16
VisualStudioVersion = 16.0.30503.244
MinimumVisualStudioVersion = 10.0.40219.1
Project("{FAE04EC0-301F-11D3-BF4B-00C04F79EFBC}") = "DrinkParty", "src\DrinkParty\DrinkParty.csproj", "{CF2F5DB6-422B-4E2B-B9CA-BE5682A5BADE}"
EndProject
Global
	GlobalSection(SolutionConfigurationPlatforms) = preSolution
		Debug|Any CPU = Debug|Any CPU
		Release|Any CPU = Release|Any CPU
	EndGlobalSection
	GlobalSection(ProjectConfigurationPlatforms) = postSolution
		{CF2F5DB6-422B-4E2B-B9CA-BE5682A5BADE}.Debug|Any CPU.ActiveCfg = Debug|Any CPU
		{CF2F5DB6-422B-4E2B-B9CA-BE5682A5BADE}.Debug|Any CPU.Build.0 = Debug|Any CPU
		{CF2F5DB6-422B-4E2B-B9CA-BE5682A5BADE}.Release|Any CPU.ActiveCfg = Release|Any CPU
		{CF2F5DB6-422B-4E2B-B9CA-BE5682A5BADE}.Release|Any CPU.Build.0 = Release|Any CPU
	EndGlobalSection
	GlobalSection(SolutionProperties) = preSolution
		HideSolutionNode = FALSE
	EndGlobalSection
	GlobalSection(ExtensibilityGlobals) = postSolution
		SolutionGuid = {B09A99AD-7C2A-447A-9921-86CE45E8A131}
	EndGlobalSection
EndGlobal
